// !$*UTF8*$!
{
	archiveVersion = 1;
	classes = {
	};
	objectVersion = 51;
	objects = {

/* Begin PBXBuildFile section */
		AED09050BE9D2FBB140F51AC /* Pods_ZZBeautyCamra.framework in Frameworks */ = {isa = PBXBuildFile; fileRef = 29F222E667B39B5C6401F1BF /* Pods_ZZBeautyCamra.framework */; };
		D7FBBDDC24C8DEF3B9436744 /* Pods_ZZBeautyCamraTests.framework in Frameworks */ = {isa = PBXBuildFile; fileRef = 8AE7EFE106EF5E02D6ACBCCB /* Pods_ZZBeautyCamraTests.framework */; };
		F39C26DF28CD48C14BC692C8 /* Pods_ZZBeautyCamra_ZZBeautyCamraUITests.framework in Frameworks */ = {isa = PBXBuildFile; fileRef = 0A9F247B359ED37F9BC75351 /* Pods_ZZBeautyCamra_ZZBeautyCamraUITests.framework */; };
		FF49A24B24EB703B00FC60FC /* AppDelegate.m in Sources */ = {isa = PBXBuildFile; fileRef = FF49A24A24EB703B00FC60FC /* AppDelegate.m */; };
		FF49A24E24EB703B00FC60FC /* SceneDelegate.m in Sources */ = {isa = PBXBuildFile; fileRef = FF49A24D24EB703B00FC60FC /* SceneDelegate.m */; };
		FF49A25124EB703B00FC60FC /* ViewController.m in Sources */ = {isa = PBXBuildFile; fileRef = FF49A25024EB703B00FC60FC /* ViewController.m */; };
		FF49A25424EB703B00FC60FC /* Main.storyboard in Resources */ = {isa = PBXBuildFile; fileRef = FF49A25224EB703B00FC60FC /* Main.storyboard */; };
		FF49A25624EB704200FC60FC /* Assets.xcassets in Resources */ = {isa = PBXBuildFile; fileRef = FF49A25524EB704200FC60FC /* Assets.xcassets */; };
		FF49A25924EB704200FC60FC /* LaunchScreen.storyboard in Resources */ = {isa = PBXBuildFile; fileRef = FF49A25724EB704200FC60FC /* LaunchScreen.storyboard */; };
		FF49A25C24EB704200FC60FC /* main.m in Sources */ = {isa = PBXBuildFile; fileRef = FF49A25B24EB704200FC60FC /* main.m */; };
		FF49A26624EB704200FC60FC /* ZZBeautyCamraTests.m in Sources */ = {isa = PBXBuildFile; fileRef = FF49A26524EB704200FC60FC /* ZZBeautyCamraTests.m */; };
		FF49A27124EB704200FC60FC /* ZZBeautyCamraUITests.m in Sources */ = {isa = PBXBuildFile; fileRef = FF49A27024EB704200FC60FC /* ZZBeautyCamraUITests.m */; };
		FF49A28B24EB7C5600FC60FC /* GPUImage11.pdf in Resources */ = {isa = PBXBuildFile; fileRef = FF49A28924EB7C5600FC60FC /* GPUImage11.pdf */; };
		FF49A28C24EB7C5600FC60FC /* Preview.jpg in Resources */ = {isa = PBXBuildFile; fileRef = FF49A28A24EB7C5600FC60FC /* Preview.jpg */; };
		FF49A28F24EBE44800FC60FC /* MainViewController.m in Sources */ = {isa = PBXBuildFile; fileRef = FF49A28E24EBE44800FC60FC /* MainViewController.m */; };
/* End PBXBuildFile section */

/* Begin PBXContainerItemProxy section */
		FF49A26224EB704200FC60FC /* PBXContainerItemProxy */ = {
			isa = PBXContainerItemProxy;
			containerPortal = FF49A23E24EB703A00FC60FC /* Project object */;
			proxyType = 1;
			remoteGlobalIDString = FF49A24524EB703A00FC60FC;
			remoteInfo = ZZBeautyCamra;
		};
		FF49A26D24EB704200FC60FC /* PBXContainerItemProxy */ = {
			isa = PBXContainerItemProxy;
			containerPortal = FF49A23E24EB703A00FC60FC /* Project object */;
			proxyType = 1;
			remoteGlobalIDString = FF49A24524EB703A00FC60FC;
			remoteInfo = ZZBeautyCamra;
		};
/* End PBXContainerItemProxy section */

/* Begin PBXFileReference section */
		0A3A8EBB93FA2870F01A9BCD /* Pods-ZZBeautyCamra-ZZBeautyCamraUITests.release.xcconfig */ = {isa = PBXFileReference; includeInIndex = 1; lastKnownFileType = text.xcconfig; name = "Pods-ZZBeautyCamra-ZZBeautyCamraUITests.release.xcconfig"; path = "Target Support Files/Pods-ZZBeautyCamra-ZZBeautyCamraUITests/Pods-ZZBeautyCamra-ZZBeautyCamraUITests.release.xcconfig"; sourceTree = "<group>"; };
		0A9F247B359ED37F9BC75351 /* Pods_ZZBeautyCamra_ZZBeautyCamraUITests.framework */ = {isa = PBXFileReference; explicitFileType = wrapper.framework; includeInIndex = 0; path = Pods_ZZBeautyCamra_ZZBeautyCamraUITests.framework; sourceTree = BUILT_PRODUCTS_DIR; };
		1ED573F12B9F915AC6FD3332 /* Pods-ZZBeautyCamra-ZZBeautyCamraUITests.debug.xcconfig */ = {isa = PBXFileReference; includeInIndex = 1; lastKnownFileType = text.xcconfig; name = "Pods-ZZBeautyCamra-ZZBeautyCamraUITests.debug.xcconfig"; path = "Target Support Files/Pods-ZZBeautyCamra-ZZBeautyCamraUITests/Pods-ZZBeautyCamra-ZZBeautyCamraUITests.debug.xcconfig"; sourceTree = "<group>"; };
		288800A900E8E74D13A4BB98 /* Pods-ZZBeautyCamraTests.release.xcconfig */ = {isa = PBXFileReference; includeInIndex = 1; lastKnownFileType = text.xcconfig; name = "Pods-ZZBeautyCamraTests.release.xcconfig"; path = "Target Support Files/Pods-ZZBeautyCamraTests/Pods-ZZBeautyCamraTests.release.xcconfig"; sourceTree = "<group>"; };
		29F222E667B39B5C6401F1BF /* Pods_ZZBeautyCamra.framework */ = {isa = PBXFileReference; explicitFileType = wrapper.framework; includeInIndex = 0; path = Pods_ZZBeautyCamra.framework; sourceTree = BUILT_PRODUCTS_DIR; };
		5EC9B90C1F5494838CD39FED /* Pods-ZZBeautyCamra.debug.xcconfig */ = {isa = PBXFileReference; includeInIndex = 1; lastKnownFileType = text.xcconfig; name = "Pods-ZZBeautyCamra.debug.xcconfig"; path = "Target Support Files/Pods-ZZBeautyCamra/Pods-ZZBeautyCamra.debug.xcconfig"; sourceTree = "<group>"; };
		8AE7EFE106EF5E02D6ACBCCB /* Pods_ZZBeautyCamraTests.framework */ = {isa = PBXFileReference; explicitFileType = wrapper.framework; includeInIndex = 0; path = Pods_ZZBeautyCamraTests.framework; sourceTree = BUILT_PRODUCTS_DIR; };
		994CF0F4F54DD6F34AFA9A14 /* Pods-ZZBeautyCamraTests.debug.xcconfig */ = {isa = PBXFileReference; includeInIndex = 1; lastKnownFileType = text.xcconfig; name = "Pods-ZZBeautyCamraTests.debug.xcconfig"; path = "Target Support Files/Pods-ZZBeautyCamraTests/Pods-ZZBeautyCamraTests.debug.xcconfig"; sourceTree = "<group>"; };
		AE7CD43DAEE40D6FE891B90A /* Pods-ZZBeautyCamra.release.xcconfig */ = {isa = PBXFileReference; includeInIndex = 1; lastKnownFileType = text.xcconfig; name = "Pods-ZZBeautyCamra.release.xcconfig"; path = "Target Support Files/Pods-ZZBeautyCamra/Pods-ZZBeautyCamra.release.xcconfig"; sourceTree = "<group>"; };
		FF49A24624EB703B00FC60FC /* ZZBeautyCamra.app */ = {isa = PBXFileReference; explicitFileType = wrapper.application; includeInIndex = 0; path = ZZBeautyCamra.app; sourceTree = BUILT_PRODUCTS_DIR; };
		FF49A24924EB703B00FC60FC /* AppDelegate.h */ = {isa = PBXFileReference; lastKnownFileType = sourcecode.c.h; path = AppDelegate.h; sourceTree = "<group>"; };
		FF49A24A24EB703B00FC60FC /* AppDelegate.m */ = {isa = PBXFileReference; lastKnownFileType = sourcecode.c.objc; path = AppDelegate.m; sourceTree = "<group>"; };
		FF49A24C24EB703B00FC60FC /* SceneDelegate.h */ = {isa = PBXFileReference; lastKnownFileType = sourcecode.c.h; path = SceneDelegate.h; sourceTree = "<group>"; };
		FF49A24D24EB703B00FC60FC /* SceneDelegate.m */ = {isa = PBXFileReference; lastKnownFileType = sourcecode.c.objc; path = SceneDelegate.m; sourceTree = "<group>"; };
		FF49A24F24EB703B00FC60FC /* ViewController.h */ = {isa = PBXFileReference; lastKnownFileType = sourcecode.c.h; path = ViewController.h; sourceTree = "<group>"; };
		FF49A25024EB703B00FC60FC /* ViewController.m */ = {isa = PBXFileReference; lastKnownFileType = sourcecode.c.objc; path = ViewController.m; sourceTree = "<group>"; };
		FF49A25324EB703B00FC60FC /* Base */ = {isa = PBXFileReference; lastKnownFileType = file.storyboard; name = Base; path = Base.lproj/Main.storyboard; sourceTree = "<group>"; };
		FF49A25524EB704200FC60FC /* Assets.xcassets */ = {isa = PBXFileReference; lastKnownFileType = folder.assetcatalog; path = Assets.xcassets; sourceTree = "<group>"; };
		FF49A25824EB704200FC60FC /* Base */ = {isa = PBXFileReference; lastKnownFileType = file.storyboard; name = Base; path = Base.lproj/LaunchScreen.storyboard; sourceTree = "<group>"; };
		FF49A25A24EB704200FC60FC /* Info.plist */ = {isa = PBXFileReference; lastKnownFileType = text.plist.xml; path = Info.plist; sourceTree = "<group>"; };
		FF49A25B24EB704200FC60FC /* main.m */ = {isa = PBXFileReference; lastKnownFileType = sourcecode.c.objc; path = main.m; sourceTree = "<group>"; };
		FF49A26124EB704200FC60FC /* ZZBeautyCamraTests.xctest */ = {isa = PBXFileReference; explicitFileType = wrapper.cfbundle; includeInIndex = 0; path = ZZBeautyCamraTests.xctest; sourceTree = BUILT_PRODUCTS_DIR; };
		FF49A26524EB704200FC60FC /* ZZBeautyCamraTests.m */ = {isa = PBXFileReference; lastKnownFileType = sourcecode.c.objc; path = ZZBeautyCamraTests.m; sourceTree = "<group>"; };
		FF49A26724EB704200FC60FC /* Info.plist */ = {isa = PBXFileReference; lastKnownFileType = text.plist.xml; path = Info.plist; sourceTree = "<group>"; };
		FF49A26C24EB704200FC60FC /* ZZBeautyCamraUITests.xctest */ = {isa = PBXFileReference; explicitFileType = wrapper.cfbundle; includeInIndex = 0; path = ZZBeautyCamraUITests.xctest; sourceTree = BUILT_PRODUCTS_DIR; };
		FF49A27024EB704200FC60FC /* ZZBeautyCamraUITests.m */ = {isa = PBXFileReference; lastKnownFileType = sourcecode.c.objc; path = ZZBeautyCamraUITests.m; sourceTree = "<group>"; };
		FF49A27224EB704200FC60FC /* Info.plist */ = {isa = PBXFileReference; lastKnownFileType = text.plist.xml; path = Info.plist; sourceTree = "<group>"; };
		FF49A28924EB7C5600FC60FC /* GPUImage11.pdf */ = {isa = PBXFileReference; lastKnownFileType = image.pdf; path = GPUImage11.pdf; sourceTree = "<group>"; };
		FF49A28A24EB7C5600FC60FC /* Preview.jpg */ = {isa = PBXFileReference; lastKnownFileType = image.jpeg; path = Preview.jpg; sourceTree = "<group>"; };
		FF49A28D24EBE44800FC60FC /* MainViewController.h */ = {isa = PBXFileReference; lastKnownFileType = sourcecode.c.h; path = MainViewController.h; sourceTree = "<group>"; };
		FF49A28E24EBE44800FC60FC /* MainViewController.m */ = {isa = PBXFileReference; lastKnownFileType = sourcecode.c.objc; path = MainViewController.m; sourceTree = "<group>"; };
/* End PBXFileReference section */

/* Begin PBXFrameworksBuildPhase section */
		FF49A24324EB703A00FC60FC /* Frameworks */ = {
			isa = PBXFrameworksBuildPhase;
			buildActionMask = 2147483647;
			files = (
				AED09050BE9D2FBB140F51AC /* Pods_ZZBeautyCamra.framework in Frameworks */,
			);
			runOnlyForDeploymentPostprocessing = 0;
		};
		FF49A25E24EB704200FC60FC /* Frameworks */ = {
			isa = PBXFrameworksBuildPhase;
			buildActionMask = 2147483647;
			files = (
				D7FBBDDC24C8DEF3B9436744 /* Pods_ZZBeautyCamraTests.framework in Frameworks */,
			);
			runOnlyForDeploymentPostprocessing = 0;
		};
		FF49A26924EB704200FC60FC /* Frameworks */ = {
			isa = PBXFrameworksBuildPhase;
			buildActionMask = 2147483647;
			files = (
				F39C26DF28CD48C14BC692C8 /* Pods_ZZBeautyCamra_ZZBeautyCamraUITests.framework in Frameworks */,
			);
			runOnlyForDeploymentPostprocessing = 0;
		};
/* End PBXFrameworksBuildPhase section */

/* Begin PBXGroup section */
		7E5BAAD265917933793DD3BB /* Pods */ = {
			isa = PBXGroup;
			children = (
				5EC9B90C1F5494838CD39FED /* Pods-ZZBeautyCamra.debug.xcconfig */,
				AE7CD43DAEE40D6FE891B90A /* Pods-ZZBeautyCamra.release.xcconfig */,
				1ED573F12B9F915AC6FD3332 /* Pods-ZZBeautyCamra-ZZBeautyCamraUITests.debug.xcconfig */,
				0A3A8EBB93FA2870F01A9BCD /* Pods-ZZBeautyCamra-ZZBeautyCamraUITests.release.xcconfig */,
				994CF0F4F54DD6F34AFA9A14 /* Pods-ZZBeautyCamraTests.debug.xcconfig */,
				288800A900E8E74D13A4BB98 /* Pods-ZZBeautyCamraTests.release.xcconfig */,
			);
			path = Pods;
			sourceTree = "<group>";
		};
		F15B20C836694D4EAD696B73 /* Frameworks */ = {
			isa = PBXGroup;
			children = (
				29F222E667B39B5C6401F1BF /* Pods_ZZBeautyCamra.framework */,
				0A9F247B359ED37F9BC75351 /* Pods_ZZBeautyCamra_ZZBeautyCamraUITests.framework */,
				8AE7EFE106EF5E02D6ACBCCB /* Pods_ZZBeautyCamraTests.framework */,
			);
			name = Frameworks;
			sourceTree = "<group>";
		};
		FF49A23D24EB703A00FC60FC = {
			isa = PBXGroup;
			children = (
				FF49A24824EB703B00FC60FC /* ZZBeautyCamra */,
				FF49A26424EB704200FC60FC /* ZZBeautyCamraTests */,
				FF49A26F24EB704200FC60FC /* ZZBeautyCamraUITests */,
				FF49A24724EB703B00FC60FC /* Products */,
				7E5BAAD265917933793DD3BB /* Pods */,
				F15B20C836694D4EAD696B73 /* Frameworks */,
			);
			sourceTree = "<group>";
		};
		FF49A24724EB703B00FC60FC /* Products */ = {
			isa = PBXGroup;
			children = (
				FF49A24624EB703B00FC60FC /* ZZBeautyCamra.app */,
				FF49A26124EB704200FC60FC /* ZZBeautyCamraTests.xctest */,
				FF49A26C24EB704200FC60FC /* ZZBeautyCamraUITests.xctest */,
			);
			name = Products;
			sourceTree = "<group>";
		};
		FF49A24824EB703B00FC60FC /* ZZBeautyCamra */ = {
			isa = PBXGroup;
			children = (
				FF49A29024EBE44F00FC60FC /* pages */,
				FF49A24924EB703B00FC60FC /* AppDelegate.h */,
				FF49A24A24EB703B00FC60FC /* AppDelegate.m */,
				FF49A24C24EB703B00FC60FC /* SceneDelegate.h */,
				FF49A24D24EB703B00FC60FC /* SceneDelegate.m */,
				FF49A24F24EB703B00FC60FC /* ViewController.h */,
				FF49A25024EB703B00FC60FC /* ViewController.m */,
				FF49A25224EB703B00FC60FC /* Main.storyboard */,
				FF49A25524EB704200FC60FC /* Assets.xcassets */,
				FF49A25724EB704200FC60FC /* LaunchScreen.storyboard */,
				FF49A25A24EB704200FC60FC /* Info.plist */,
				FF49A25B24EB704200FC60FC /* main.m */,
				FF49A28924EB7C5600FC60FC /* GPUImage11.pdf */,
				FF49A28A24EB7C5600FC60FC /* Preview.jpg */,
			);
			path = ZZBeautyCamra;
			sourceTree = "<group>";
		};
		FF49A26424EB704200FC60FC /* ZZBeautyCamraTests */ = {
			isa = PBXGroup;
			children = (
				FF49A26524EB704200FC60FC /* ZZBeautyCamraTests.m */,
				FF49A26724EB704200FC60FC /* Info.plist */,
			);
			path = ZZBeautyCamraTests;
			sourceTree = "<group>";
		};
		FF49A26F24EB704200FC60FC /* ZZBeautyCamraUITests */ = {
			isa = PBXGroup;
			children = (
				FF49A27024EB704200FC60FC /* ZZBeautyCamraUITests.m */,
				FF49A27224EB704200FC60FC /* Info.plist */,
			);
			path = ZZBeautyCamraUITests;
			sourceTree = "<group>";
		};
		FF49A29024EBE44F00FC60FC /* pages */ = {
			isa = PBXGroup;
			children = (
				FF49A28D24EBE44800FC60FC /* MainViewController.h */,
				FF49A28E24EBE44800FC60FC /* MainViewController.m */,
			);
			path = pages;
			sourceTree = "<group>";
		};
/* End PBXGroup section */

/* Begin PBXNativeTarget section */
		FF49A24524EB703A00FC60FC /* ZZBeautyCamra */ = {
			isa = PBXNativeTarget;
			buildConfigurationList = FF49A27524EB704200FC60FC /* Build configuration list for PBXNativeTarget "ZZBeautyCamra" */;
			buildPhases = (
				081BBEE5E2E0EF6A0BBDE569 /* [CP] Check Pods Manifest.lock */,
				FF49A24224EB703A00FC60FC /* Sources */,
				FF49A24324EB703A00FC60FC /* Frameworks */,
				FF49A24424EB703A00FC60FC /* Resources */,
				40DABE5159DC7F31890CF3F5 /* [CP] Embed Pods Frameworks */,
			);
			buildRules = (
			);
			dependencies = (
			);
			name = ZZBeautyCamra;
			productName = ZZBeautyCamra;
			productReference = FF49A24624EB703B00FC60FC /* ZZBeautyCamra.app */;
			productType = "com.apple.product-type.application";
		};
		FF49A26024EB704200FC60FC /* ZZBeautyCamraTests */ = {
			isa = PBXNativeTarget;
			buildConfigurationList = FF49A27824EB704200FC60FC /* Build configuration list for PBXNativeTarget "ZZBeautyCamraTests" */;
			buildPhases = (
				89D7D71B8A220C05DE1A800B /* [CP] Check Pods Manifest.lock */,
				FF49A25D24EB704200FC60FC /* Sources */,
				FF49A25E24EB704200FC60FC /* Frameworks */,
				FF49A25F24EB704200FC60FC /* Resources */,
			);
			buildRules = (
			);
			dependencies = (
				FF49A26324EB704200FC60FC /* PBXTargetDependency */,
			);
			name = ZZBeautyCamraTests;
			productName = ZZBeautyCamraTests;
			productReference = FF49A26124EB704200FC60FC /* ZZBeautyCamraTests.xctest */;
			productType = "com.apple.product-type.bundle.unit-test";
		};
		FF49A26B24EB704200FC60FC /* ZZBeautyCamraUITests */ = {
			isa = PBXNativeTarget;
			buildConfigurationList = FF49A27B24EB704200FC60FC /* Build configuration list for PBXNativeTarget "ZZBeautyCamraUITests" */;
			buildPhases = (
				F4F9DC7FEDCF87318AEE30C6 /* [CP] Check Pods Manifest.lock */,
				FF49A26824EB704200FC60FC /* Sources */,
				FF49A26924EB704200FC60FC /* Frameworks */,
				FF49A26A24EB704200FC60FC /* Resources */,
				3FBAE3CCC78AC08FCA3EE088 /* [CP] Embed Pods Frameworks */,
			);
			buildRules = (
			);
			dependencies = (
				FF49A26E24EB704200FC60FC /* PBXTargetDependency */,
			);
			name = ZZBeautyCamraUITests;
			productName = ZZBeautyCamraUITests;
			productReference = FF49A26C24EB704200FC60FC /* ZZBeautyCamraUITests.xctest */;
			productType = "com.apple.product-type.bundle.ui-testing";
		};
/* End PBXNativeTarget section */

/* Begin PBXProject section */
		FF49A23E24EB703A00FC60FC /* Project object */ = {
			isa = PBXProject;
			attributes = {
				LastUpgradeCheck = 1140;
				ORGANIZATIONNAME = "泽泽";
				TargetAttributes = {
					FF49A24524EB703A00FC60FC = {
						CreatedOnToolsVersion = 11.4.1;
					};
					FF49A26024EB704200FC60FC = {
						CreatedOnToolsVersion = 11.4.1;
						TestTargetID = FF49A24524EB703A00FC60FC;
					};
					FF49A26B24EB704200FC60FC = {
						CreatedOnToolsVersion = 11.4.1;
						TestTargetID = FF49A24524EB703A00FC60FC;
					};
				};
			};
			buildConfigurationList = FF49A24124EB703A00FC60FC /* Build configuration list for PBXProject "ZZBeautyCamra" */;
			compatibilityVersion = "Xcode 9.3";
			developmentRegion = en;
			hasScannedForEncodings = 0;
			knownRegions = (
				en,
				Base,
			);
			mainGroup = FF49A23D24EB703A00FC60FC;
			productRefGroup = FF49A24724EB703B00FC60FC /* Products */;
			projectDirPath = "";
			projectRoot = "";
			targets = (
				FF49A24524EB703A00FC60FC /* ZZBeautyCamra */,
				FF49A26024EB704200FC60FC /* ZZBeautyCamraTests */,
				FF49A26B24EB704200FC60FC /* ZZBeautyCamraUITests */,
			);
		};
/* End PBXProject section */

/* Begin PBXResourcesBuildPhase section */
		FF49A24424EB703A00FC60FC /* Resources */ = {
			isa = PBXResourcesBuildPhase;
			buildActionMask = 2147483647;
			files = (
				FF49A28C24EB7C5600FC60FC /* Preview.jpg in Resources */,
				FF49A25924EB704200FC60FC /* LaunchScreen.storyboard in Resources */,
				FF49A25624EB704200FC60FC /* Assets.xcassets in Resources */,
				FF49A25424EB703B00FC60FC /* Main.storyboard in Resources */,
				FF49A28B24EB7C5600FC60FC /* GPUImage11.pdf in Resources */,
			);
			runOnlyForDeploymentPostprocessing = 0;
		};
		FF49A25F24EB704200FC60FC /* Resources */ = {
			isa = PBXResourcesBuildPhase;
			buildActionMask = 2147483647;
			files = (
			);
			runOnlyForDeploymentPostprocessing = 0;
		};
		FF49A26A24EB704200FC60FC /* Resources */ = {
			isa = PBXResourcesBuildPhase;
			buildActionMask = 2147483647;
			files = (
			);
			runOnlyForDeploymentPostprocessing = 0;
		};
/* End PBXResourcesBuildPhase section */

/* Begin PBXShellScriptBuildPhase section */
		081BBEE5E2E0EF6A0BBDE569 /* [CP] Check Pods Manifest.lock */ = {
			isa = PBXShellScriptBuildPhase;
			buildActionMask = 2147483647;
			files = (
			);
			inputFileListPaths = (
			);
			inputPaths = (
				"${PODS_PODFILE_DIR_PATH}/Podfile.lock",
				"${PODS_ROOT}/Manifest.lock",
			);
			name = "[CP] Check Pods Manifest.lock";
			outputFileListPaths = (
			);
			outputPaths = (
				"$(DERIVED_FILE_DIR)/Pods-ZZBeautyCamra-checkManifestLockResult.txt",
			);
			runOnlyForDeploymentPostprocessing = 0;
			shellPath = /bin/sh;
			shellScript = "diff \"${PODS_PODFILE_DIR_PATH}/Podfile.lock\" \"${PODS_ROOT}/Manifest.lock\" > /dev/null\nif [ $? != 0 ] ; then\n    # print error to STDERR\n    echo \"error: The sandbox is not in sync with the Podfile.lock. Run 'pod install' or update your CocoaPods installation.\" >&2\n    exit 1\nfi\n# This output is used by Xcode 'outputs' to avoid re-running this script phase.\necho \"SUCCESS\" > \"${SCRIPT_OUTPUT_FILE_0}\"\n";
			showEnvVarsInLog = 0;
		};
		3FBAE3CCC78AC08FCA3EE088 /* [CP] Embed Pods Frameworks */ = {
			isa = PBXShellScriptBuildPhase;
			buildActionMask = 2147483647;
			files = (
			);
			inputFileListPaths = (
				"${PODS_ROOT}/Target Support Files/Pods-ZZBeautyCamra-ZZBeautyCamraUITests/Pods-ZZBeautyCamra-ZZBeautyCamraUITests-frameworks-${CONFIGURATION}-input-files.xcfilelist",
			);
			name = "[CP] Embed Pods Frameworks";
			outputFileListPaths = (
				"${PODS_ROOT}/Target Support Files/Pods-ZZBeautyCamra-ZZBeautyCamraUITests/Pods-ZZBeautyCamra-ZZBeautyCamraUITests-frameworks-${CONFIGURATION}-output-files.xcfilelist",
			);
			runOnlyForDeploymentPostprocessing = 0;
			shellPath = /bin/sh;
			shellScript = "\"${PODS_ROOT}/Target Support Files/Pods-ZZBeautyCamra-ZZBeautyCamraUITests/Pods-ZZBeautyCamra-ZZBeautyCamraUITests-frameworks.sh\"\n";
			showEnvVarsInLog = 0;
		};
		40DABE5159DC7F31890CF3F5 /* [CP] Embed Pods Frameworks */ = {
			isa = PBXShellScriptBuildPhase;
			buildActionMask = 2147483647;
			files = (
			);
			inputFileListPaths = (
				"${PODS_ROOT}/Target Support Files/Pods-ZZBeautyCamra/Pods-ZZBeautyCamra-frameworks-${CONFIGURATION}-input-files.xcfilelist",
			);
			name = "[CP] Embed Pods Frameworks";
			outputFileListPaths = (
				"${PODS_ROOT}/Target Support Files/Pods-ZZBeautyCamra/Pods-ZZBeautyCamra-frameworks-${CONFIGURATION}-output-files.xcfilelist",
			);
			runOnlyForDeploymentPostprocessing = 0;
			shellPath = /bin/sh;
			shellScript = "\"${PODS_ROOT}/Target Support Files/Pods-ZZBeautyCamra/Pods-ZZBeautyCamra-frameworks.sh\"\n";
			showEnvVarsInLog = 0;
		};
		89D7D71B8A220C05DE1A800B /* [CP] Check Pods Manifest.lock */ = {
			isa = PBXShellScriptBuildPhase;
			buildActionMask = 2147483647;
			files = (
			);
			inputFileListPaths = (
			);
			inputPaths = (
				"${PODS_PODFILE_DIR_PATH}/Podfile.lock",
				"${PODS_ROOT}/Manifest.lock",
			);
			name = "[CP] Check Pods Manifest.lock";
			outputFileListPaths = (
			);
			outputPaths = (
				"$(DERIVED_FILE_DIR)/Pods-ZZBeautyCamraTests-checkManifestLockResult.txt",
			);
			runOnlyForDeploymentPostprocessing = 0;
			shellPath = /bin/sh;
			shellScript = "diff \"${PODS_PODFILE_DIR_PATH}/Podfile.lock\" \"${PODS_ROOT}/Manifest.lock\" > /dev/null\nif [ $? != 0 ] ; then\n    # print error to STDERR\n    echo \"error: The sandbox is not in sync with the Podfile.lock. Run 'pod install' or update your CocoaPods installation.\" >&2\n    exit 1\nfi\n# This output is used by Xcode 'outputs' to avoid re-running this script phase.\necho \"SUCCESS\" > \"${SCRIPT_OUTPUT_FILE_0}\"\n";
			showEnvVarsInLog = 0;
		};
		F4F9DC7FEDCF87318AEE30C6 /* [CP] Check Pods Manifest.lock */ = {
			isa = PBXShellScriptBuildPhase;
			buildActionMask = 2147483647;
			files = (
			);
			inputFileListPaths = (
			);
			inputPaths = (
				"${PODS_PODFILE_DIR_PATH}/Podfile.lock",
				"${PODS_ROOT}/Manifest.lock",
			);
			name = "[CP] Check Pods Manifest.lock";
			outputFileListPaths = (
			);
			outputPaths = (
				"$(DERIVED_FILE_DIR)/Pods-ZZBeautyCamra-ZZBeautyCamraUITests-checkManifestLockResult.txt",
			);
			runOnlyForDeploymentPostprocessing = 0;
			shellPath = /bin/sh;
			shellScript = "diff \"${PODS_PODFILE_DIR_PATH}/Podfile.lock\" \"${PODS_ROOT}/Manifest.lock\" > /dev/null\nif [ $? != 0 ] ; then\n    # print error to STDERR\n    echo \"error: The sandbox is not in sync with the Podfile.lock. Run 'pod install' or update your CocoaPods installation.\" >&2\n    exit 1\nfi\n# This output is used by Xcode 'outputs' to avoid re-running this script phase.\necho \"SUCCESS\" > \"${SCRIPT_OUTPUT_FILE_0}\"\n";
			showEnvVarsInLog = 0;
		};
/* End PBXShellScriptBuildPhase section */

/* Begin PBXSourcesBuildPhase section */
		FF49A24224EB703A00FC60FC /* Sources */ = {
			isa = PBXSourcesBuildPhase;
			buildActionMask = 2147483647;
			files = (
				FF49A25124EB703B00FC60FC /* ViewController.m in Sources */,
				FF49A24B24EB703B00FC60FC /* AppDelegate.m in Sources */,
				FF49A25C24EB704200FC60FC /* main.m in Sources */,
				FF49A28F24EBE44800FC60FC /* MainViewController.m in Sources */,
				FF49A24E24EB703B00FC60FC /* SceneDelegate.m in Sources */,
			);
			runOnlyForDeploymentPostprocessing = 0;
		};
		FF49A25D24EB704200FC60FC /* Sources */ = {
			isa = PBXSourcesBuildPhase;
			buildActionMask = 2147483647;
			files = (
				FF49A26624EB704200FC60FC /* ZZBeautyCamraTests.m in Sources */,
			);
			runOnlyForDeploymentPostprocessing = 0;
		};
		FF49A26824EB704200FC60FC /* Sources */ = {
			isa = PBXSourcesBuildPhase;
			buildActionMask = 2147483647;
			files = (
				FF49A27124EB704200FC60FC /* ZZBeautyCamraUITests.m in Sources */,
			);
			runOnlyForDeploymentPostprocessing = 0;
		};
/* End PBXSourcesBuildPhase section */

/* Begin PBXTargetDependency section */
		FF49A26324EB704200FC60FC /* PBXTargetDependency */ = {
			isa = PBXTargetDependency;
			target = FF49A24524EB703A00FC60FC /* ZZBeautyCamra */;
			targetProxy = FF49A26224EB704200FC60FC /* PBXContainerItemProxy */;
		};
		FF49A26E24EB704200FC60FC /* PBXTargetDependency */ = {
			isa = PBXTargetDependency;
			target = FF49A24524EB703A00FC60FC /* ZZBeautyCamra */;
			targetProxy = FF49A26D24EB704200FC60FC /* PBXContainerItemProxy */;
		};
/* End PBXTargetDependency section */

/* Begin PBXVariantGroup section */
		FF49A25224EB703B00FC60FC /* Main.storyboard */ = {
			isa = PBXVariantGroup;
			children = (
				FF49A25324EB703B00FC60FC /* Base */,
			);
			name = Main.storyboard;
			sourceTree = "<group>";
		};
		FF49A25724EB704200FC60FC /* LaunchScreen.storyboard */ = {
			isa = PBXVariantGroup;
			children = (
				FF49A25824EB704200FC60FC /* Base */,
			);
			name = LaunchScreen.storyboard;
			sourceTree = "<group>";
		};
/* End PBXVariantGroup section */

/* Begin XCBuildConfiguration section */
		FF49A27324EB704200FC60FC /* Debug */ = {
			isa = XCBuildConfiguration;
			buildSettings = {
				ALWAYS_SEARCH_USER_PATHS = NO;
				CLANG_ANALYZER_NONNULL = YES;
				CLANG_ANALYZER_NUMBER_OBJECT_CONVERSION = YES_AGGRESSIVE;
				CLANG_CXX_LANGUAGE_STANDARD = "gnu++14";
				CLANG_CXX_LIBRARY = "libc++";
				CLANG_ENABLE_MODULES = YES;
				CLANG_ENABLE_OBJC_ARC = YES;
				CLANG_ENABLE_OBJC_WEAK = YES;
				CLANG_WARN_BLOCK_CAPTURE_AUTORELEASING = YES;
				CLANG_WARN_BOOL_CONVERSION = YES;
				CLANG_WARN_COMMA = YES;
				CLANG_WARN_CONSTANT_CONVERSION = YES;
				CLANG_WARN_DEPRECATED_OBJC_IMPLEMENTATIONS = YES;
				CLANG_WARN_DIRECT_OBJC_ISA_USAGE = YES_ERROR;
				CLANG_WARN_DOCUMENTATION_COMMENTS = YES;
				CLANG_WARN_EMPTY_BODY = YES;
				CLANG_WARN_ENUM_CONVERSION = YES;
				CLANG_WARN_INFINITE_RECURSION = YES;
				CLANG_WARN_INT_CONVERSION = YES;
				CLANG_WARN_NON_LITERAL_NULL_CONVERSION = YES;
				CLANG_WARN_OBJC_IMPLICIT_RETAIN_SELF = YES;
				CLANG_WARN_OBJC_LITERAL_CONVERSION = YES;
				CLANG_WARN_OBJC_ROOT_CLASS = YES_ERROR;
				CLANG_WARN_RANGE_LOOP_ANALYSIS = YES;
				CLANG_WARN_STRICT_PROTOTYPES = YES;
				CLANG_WARN_SUSPICIOUS_MOVE = YES;
				CLANG_WARN_UNGUARDED_AVAILABILITY = YES_AGGRESSIVE;
				CLANG_WARN_UNREACHABLE_CODE = YES;
				CLANG_WARN__DUPLICATE_METHOD_MATCH = YES;
				COPY_PHASE_STRIP = NO;
				DEBUG_INFORMATION_FORMAT = dwarf;
				ENABLE_STRICT_OBJC_MSGSEND = YES;
				ENABLE_TESTABILITY = YES;
				GCC_C_LANGUAGE_STANDARD = gnu11;
				GCC_DYNAMIC_NO_PIC = NO;
				GCC_NO_COMMON_BLOCKS = YES;
				GCC_OPTIMIZATION_LEVEL = 0;
				GCC_PREPROCESSOR_DEFINITIONS = (
					"DEBUG=1",
					"$(inherited)",
				);
				GCC_WARN_64_TO_32_BIT_CONVERSION = YES;
				GCC_WARN_ABOUT_RETURN_TYPE = YES_ERROR;
				GCC_WARN_UNDECLARED_SELECTOR = YES;
				GCC_WARN_UNINITIALIZED_AUTOS = YES_AGGRESSIVE;
				GCC_WARN_UNUSED_FUNCTION = YES;
				GCC_WARN_UNUSED_VARIABLE = YES;
				IPHONEOS_DEPLOYMENT_TARGET = 13.4;
				MTL_ENABLE_DEBUG_INFO = INCLUDE_SOURCE;
				MTL_FAST_MATH = YES;
				ONLY_ACTIVE_ARCH = YES;
				SDKROOT = iphoneos;
			};
			name = Debug;
		};
		FF49A27424EB704200FC60FC /* Release */ = {
			isa = XCBuildConfiguration;
			buildSettings = {
				ALWAYS_SEARCH_USER_PATHS = NO;
				CLANG_ANALYZER_NONNULL = YES;
				CLANG_ANALYZER_NUMBER_OBJECT_CONVERSION = YES_AGGRESSIVE;
				CLANG_CXX_LANGUAGE_STANDARD = "gnu++14";
				CLANG_CXX_LIBRARY = "libc++";
				CLANG_ENABLE_MODULES = YES;
				CLANG_ENABLE_OBJC_ARC = YES;
				CLANG_ENABLE_OBJC_WEAK = YES;
				CLANG_WARN_BLOCK_CAPTURE_AUTORELEASING = YES;
				CLANG_WARN_BOOL_CONVERSION = YES;
				CLANG_WARN_COMMA = YES;
				CLANG_WARN_CONSTANT_CONVERSION = YES;
				CLANG_WARN_DEPRECATED_OBJC_IMPLEMENTATIONS = YES;
				CLANG_WARN_DIRECT_OBJC_ISA_USAGE = YES_ERROR;
				CLANG_WARN_DOCUMENTATION_COMMENTS = YES;
				CLANG_WARN_EMPTY_BODY = YES;
				CLANG_WARN_ENUM_CONVERSION = YES;
				CLANG_WARN_INFINITE_RECURSION = YES;
				CLANG_WARN_INT_CONVERSION = YES;
				CLANG_WARN_NON_LITERAL_NULL_CONVERSION = YES;
				CLANG_WARN_OBJC_IMPLICIT_RETAIN_SELF = YES;
				CLANG_WARN_OBJC_LITERAL_CONVERSION = YES;
				CLANG_WARN_OBJC_ROOT_CLASS = YES_ERROR;
				CLANG_WARN_RANGE_LOOP_ANALYSIS = YES;
				CLANG_WARN_STRICT_PROTOTYPES = YES;
				CLANG_WARN_SUSPICIOUS_MOVE = YES;
				CLANG_WARN_UNGUARDED_AVAILABILITY = YES_AGGRESSIVE;
				CLANG_WARN_UNREACHABLE_CODE = YES;
				CLANG_WARN__DUPLICATE_METHOD_MATCH = YES;
				COPY_PHASE_STRIP = NO;
				DEBUG_INFORMATION_FORMAT = "dwarf-with-dsym";
				ENABLE_NS_ASSERTIONS = NO;
				ENABLE_STRICT_OBJC_MSGSEND = YES;
				GCC_C_LANGUAGE_STANDARD = gnu11;
				GCC_NO_COMMON_BLOCKS = YES;
				GCC_WARN_64_TO_32_BIT_CONVERSION = YES;
				GCC_WARN_ABOUT_RETURN_TYPE = YES_ERROR;
				GCC_WARN_UNDECLARED_SELECTOR = YES;
				GCC_WARN_UNINITIALIZED_AUTOS = YES_AGGRESSIVE;
				GCC_WARN_UNUSED_FUNCTION = YES;
				GCC_WARN_UNUSED_VARIABLE = YES;
				IPHONEOS_DEPLOYMENT_TARGET = 13.4;
				MTL_ENABLE_DEBUG_INFO = NO;
				MTL_FAST_MATH = YES;
				SDKROOT = iphoneos;
				VALIDATE_PRODUCT = YES;
			};
			name = Release;
		};
		FF49A27624EB704200FC60FC /* Debug */ = {
			isa = XCBuildConfiguration;
			baseConfigurationReference = 5EC9B90C1F5494838CD39FED /* Pods-ZZBeautyCamra.debug.xcconfig */;
			buildSettings = {
				ASSETCATALOG_COMPILER_APPICON_NAME = AppIcon;
				CODE_SIGN_STYLE = Automatic;
				DEVELOPMENT_TEAM = BKB2W89RHK;
				INFOPLIST_FILE = ZZBeautyCamra/Info.plist;
				IPHONEOS_DEPLOYMENT_TARGET = 9.0;
				LD_RUNPATH_SEARCH_PATHS = (
					"$(inherited)",
					"@executable_path/Frameworks",
				);
				PRODUCT_BUNDLE_IDENTIFIER = com.ios.ZZBeautyCamra;
				PRODUCT_NAME = "$(TARGET_NAME)";
				TARGETED_DEVICE_FAMILY = 1;
			};
			name = Debug;
		};
		FF49A27724EB704200FC60FC /* Release */ = {
			isa = XCBuildConfiguration;
			baseConfigurationReference = AE7CD43DAEE40D6FE891B90A /* Pods-ZZBeautyCamra.release.xcconfig */;
			buildSettings = {
				ASSETCATALOG_COMPILER_APPICON_NAME = AppIcon;
				CODE_SIGN_STYLE = Automatic;
				DEVELOPMENT_TEAM = BKB2W89RHK;
				INFOPLIST_FILE = ZZBeautyCamra/Info.plist;
				IPHONEOS_DEPLOYMENT_TARGET = 9.0;
				LD_RUNPATH_SEARCH_PATHS = (
					"$(inherited)",
					"@executable_path/Frameworks",
				);
				PRODUCT_BUNDLE_IDENTIFIER = com.ios.ZZBeautyCamra;
				PRODUCT_NAME = "$(TARGET_NAME)";
				TARGETED_DEVICE_FAMILY = 1;
			};
			name = Release;
		};
		FF49A27924EB704200FC60FC /* Debug */ = {
			isa = XCBuildConfiguration;
			baseConfigurationReference = 994CF0F4F54DD6F34AFA9A14 /* Pods-ZZBeautyCamraTests.debug.xcconfig */;
			buildSettings = {
				BUNDLE_LOADER = "$(TEST_HOST)";
				CODE_SIGN_STYLE = Automatic;
				INFOPLIST_FILE = ZZBeautyCamraTests/Info.plist;
				IPHONEOS_DEPLOYMENT_TARGET = 13.4;
				LD_RUNPATH_SEARCH_PATHS = (
					"$(inherited)",
					"@executable_path/Frameworks",
					"@loader_path/Frameworks",
				);
				PRODUCT_BUNDLE_IDENTIFIER = com.ios.ZZBeautyCamraTests;
				PRODUCT_NAME = "$(TARGET_NAME)";
				TARGETED_DEVICE_FAMILY = "1,2";
				TEST_HOST = "$(BUILT_PRODUCTS_DIR)/ZZBeautyCamra.app/ZZBeautyCamra";
			};
			name = Debug;
		};
		FF49A27A24EB704200FC60FC /* Release */ = {
			isa = XCBuildConfiguration;
			baseConfigurationReference = 288800A900E8E74D13A4BB98 /* Pods-ZZBeautyCamraTests.release.xcconfig */;
			buildSettings = {
				BUNDLE_LOADER = "$(TEST_HOST)";
				CODE_SIGN_STYLE = Automatic;
				INFOPLIST_FILE = ZZBeautyCamraTests/Info.plist;
				IPHONEOS_DEPLOYMENT_TARGET = 13.4;
				LD_RUNPATH_SEARCH_PATHS = (
					"$(inherited)",
					"@executable_path/Frameworks",
					"@loader_path/Frameworks",
				);
				PRODUCT_BUNDLE_IDENTIFIER = com.ios.ZZBeautyCamraTests;
				PRODUCT_NAME = "$(TARGET_NAME)";
				TARGETED_DEVICE_FAMILY = "1,2";
				TEST_HOST = "$(BUILT_PRODUCTS_DIR)/ZZBeautyCamra.app/ZZBeautyCamra";
			};
			name = Release;
		};
		FF49A27C24EB704200FC60FC /* Debug */ = {
			isa = XCBuildConfiguration;
			baseConfigurationReference = 1ED573F12B9F915AC6FD3332 /* Pods-ZZBeautyCamra-ZZBeautyCamraUITests.debug.xcconfig */;
			buildSettings = {
				CODE_SIGN_STYLE = Automatic;
				INFOPLIST_FILE = ZZBeautyCamraUITests/Info.plist;
				LD_RUNPATH_SEARCH_PATHS = (
					"$(inherited)",
					"@executable_path/Frameworks",
					"@loader_path/Frameworks",
				);
				PRODUCT_BUNDLE_IDENTIFIER = com.ios.ZZBeautyCamraUITests;
				PRODUCT_NAME = "$(TARGET_NAME)";
				TARGETED_DEVICE_FAMILY = "1,2";
				TEST_TARGET_NAME = ZZBeautyCamra;
			};
			name = Debug;
		};
		FF49A27D24EB704200FC60FC /* Release */ = {
			isa = XCBuildConfiguration;
			baseConfigurationReference = 0A3A8EBB93FA2870F01A9BCD /* Pods-ZZBeautyCamra-ZZBeautyCamraUITests.release.xcconfig */;
			buildSettings = {
				CODE_SIGN_STYLE = Automatic;
				INFOPLIST_FILE = ZZBeautyCamraUITests/Info.plist;
				LD_RUNPATH_SEARCH_PATHS = (
					"$(inherited)",
					"@executable_path/Frameworks",
					"@loader_path/Frameworks",
				);
				PRODUCT_BUNDLE_IDENTIFIER = com.ios.ZZBeautyCamraUITests;
				PRODUCT_NAME = "$(TARGET_NAME)";
				TARGETED_DEVICE_FAMILY = "1,2";
				TEST_TARGET_NAME = ZZBeautyCamra;
			};
			name = Release;
		};
/* End XCBuildConfiguration section */

/* Begin XCConfigurationList section */
		FF49A24124EB703A00FC60FC /* Build configuration list for PBXProject "ZZBeautyCamra" */ = {
			isa = XCConfigurationList;
			buildConfigurations = (
				FF49A27324EB704200FC60FC /* Debug */,
				FF49A27424EB704200FC60FC /* Release */,
			);
			defaultConfigurationIsVisible = 0;
			defaultConfigurationName = Release;
		};
		FF49A27524EB704200FC60FC /* Build configuration list for PBXNativeTarget "ZZBeautyCamra" */ = {
			isa = XCConfigurationList;
			buildConfigurations = (
				FF49A27624EB704200FC60FC /* Debug */,
				FF49A27724EB704200FC60FC /* Release */,
			);
			defaultConfigurationIsVisible = 0;
			defaultConfigurationName = Release;
		};
		FF49A27824EB704200FC60FC /* Build configuration list for PBXNativeTarget "ZZBeautyCamraTests" */ = {
			isa = XCConfigurationList;
			buildConfigurations = (
				FF49A27924EB704200FC60FC /* Debug */,
				FF49A27A24EB704200FC60FC /* Release */,
			);
			defaultConfigurationIsVisible = 0;
			defaultConfigurationName = Release;
		};
		FF49A27B24EB704200FC60FC /* Build configuration list for PBXNativeTarget "ZZBeautyCamraUITests" */ = {
			isa = XCConfigurationList;
			buildConfigurations = (
				FF49A27C24EB704200FC60FC /* Debug */,
				FF49A27D24EB704200FC60FC /* Release */,
			);
			defaultConfigurationIsVisible = 0;
			defaultConfigurationName = Release;
		};
/* End XCConfigurationList section */
	};
	rootObject = FF49A23E24EB703A00FC60FC /* Project object */;
}
